{
    "_meta": {
        "hash": {
            "sha256": "1e83ccd799c2fd793eede3bd3e42d22e005e56cbace010e2c5e8e123cdf89cd6"
        },
        "pipfile-spec": 6,
        "requires": {
            "python_version": "3.6"
        },
        "sources": [
            {
                "name": "pypi",
                "url": "https://pypi.org/simple",
                "verify_ssl": true
            }
        ]
    },
    "default": {
        "fq2vcf": {
            "git": "https://github.com/yingnn/fq2vcf.git",
            "ref": "a491c5c0bb69dfe77127352c1f57bf727820d906"
        }
    },
    "develop": {}
}
